
Microsoft Visual Studio Solution File, Format Version 12.00
# Visual Studio Version 17
VisualStudioVersion = 17.4.33110.190
MinimumVisualStudioVersion = 10.0.40219.1
Project("{FAE04EC0-301F-11D3-BF4B-00C04F79EFBC}") = "LR1", "TIPIS_LR1\LR1.csproj", "{B727EDE9-FD54-436E-A0B1-4AB27C2E5C0E}"
EndProject
Project("{FAE04EC0-301F-11D3-BF4B-00C04F79EFBC}") = "LR2", "LR2\LR2.csproj", "{40B00649-8BA3-4EC5-81DA-57C4E153F948}"
EndProject
Project("{FAE04EC0-301F-11D3-BF4B-00C04F79EFBC}") = "LR3", "LR3\LR3.csproj", "{64C8DF9C-7759-4CED-A84E-00E2145C001C}"
EndProject
Project("{FAE04EC0-301F-11D3-BF4B-00C04F79EFBC}") = "LR4", "LR4\LR4.csproj", "{963D22AD-20B6-42FF-BD07-27EB4A1EB958}"
EndProject
Project("{FAE04EC0-301F-11D3-BF4B-00C04F79EFBC}") = "LR5", "LR5\LR5.csproj", "{9E40341A-3910-47A8-8C5A-A32B6D2E8E5E}"
EndProject
Project("{FAE04EC0-301F-11D3-BF4B-00C04F79EFBC}") = "LR6", "LR6\LR6.csproj", "{33CD5B18-D944-424D-B690-A20D6FBB31A2}"
EndProject
Project("{FAE04EC0-301F-11D3-BF4B-00C04F79EFBC}") = "LR7", "LR7\LR7.csproj", "{F8B71C6B-034B-42A5-A10A-306151865936}"
EndProject
Global
	GlobalSection(SolutionConfigurationPlatforms) = preSolution
		Debug|Any CPU = Debug|Any CPU
		Release|Any CPU = Release|Any CPU
	EndGlobalSection
	GlobalSection(ProjectConfigurationPlatforms) = postSolution
		{B727EDE9-FD54-436E-A0B1-4AB27C2E5C0E}.Debug|Any CPU.ActiveCfg = Debug|Any CPU
		{B727EDE9-FD54-436E-A0B1-4AB27C2E5C0E}.Debug|Any CPU.Build.0 = Debug|Any CPU
		{B727EDE9-FD54-436E-A0B1-4AB27C2E5C0E}.Release|Any CPU.ActiveCfg = Release|Any CPU
		{B727EDE9-FD54-436E-A0B1-4AB27C2E5C0E}.Release|Any CPU.Build.0 = Release|Any CPU
		{40B00649-8BA3-4EC5-81DA-57C4E153F948}.Debug|Any CPU.ActiveCfg = Debug|Any CPU
		{40B00649-8BA3-4EC5-81DA-57C4E153F948}.Debug|Any CPU.Build.0 = Debug|Any CPU
		{40B00649-8BA3-4EC5-81DA-57C4E153F948}.Release|Any CPU.ActiveCfg = Release|Any CPU
		{40B00649-8BA3-4EC5-81DA-57C4E153F948}.Release|Any CPU.Build.0 = Release|Any CPU
		{64C8DF9C-7759-4CED-A84E-00E2145C001C}.Debug|Any CPU.ActiveCfg = Debug|Any CPU
		{64C8DF9C-7759-4CED-A84E-00E2145C001C}.Debug|Any CPU.Build.0 = Debug|Any CPU
		{64C8DF9C-7759-4CED-A84E-00E2145C001C}.Release|Any CPU.ActiveCfg = Release|Any CPU
		{64C8DF9C-7759-4CED-A84E-00E2145C001C}.Release|Any CPU.Build.0 = Release|Any CPU
		{963D22AD-20B6-42FF-BD07-27EB4A1EB958}.Debug|Any CPU.ActiveCfg = Debug|Any CPU
		{963D22AD-20B6-42FF-BD07-27EB4A1EB958}.Debug|Any CPU.Build.0 = Debug|Any CPU
		{963D22AD-20B6-42FF-BD07-27EB4A1EB958}.Release|Any CPU.ActiveCfg = Release|Any CPU
		{963D22AD-20B6-42FF-BD07-27EB4A1EB958}.Release|Any CPU.Build.0 = Release|Any CPU
		{9E40341A-3910-47A8-8C5A-A32B6D2E8E5E}.Debug|Any CPU.ActiveCfg = Debug|Any CPU
		{9E40341A-3910-47A8-8C5A-A32B6D2E8E5E}.Debug|Any CPU.Build.0 = Debug|Any CPU
		{9E40341A-3910-47A8-8C5A-A32B6D2E8E5E}.Release|Any CPU.ActiveCfg = Release|Any CPU
		{9E40341A-3910-47A8-8C5A-A32B6D2E8E5E}.Release|Any CPU.Build.0 = Release|Any CPU
		{33CD5B18-D944-424D-B690-A20D6FBB31A2}.Debug|Any CPU.ActiveCfg = Debug|Any CPU
		{33CD5B18-D944-424D-B690-A20D6FBB31A2}.Debug|Any CPU.Build.0 = Debug|Any CPU
		{33CD5B18-D944-424D-B690-A20D6FBB31A2}.Release|Any CPU.ActiveCfg = Release|Any CPU
		{33CD5B18-D944-424D-B690-A20D6FBB31A2}.Release|Any CPU.Build.0 = Release|Any CPU
		{F8B71C6B-034B-42A5-A10A-306151865936}.Debug|Any CPU.ActiveCfg = Debug|Any CPU
		{F8B71C6B-034B-42A5-A10A-306151865936}.Debug|Any CPU.Build.0 = Debug|Any CPU
		{F8B71C6B-034B-42A5-A10A-306151865936}.Release|Any CPU.ActiveCfg = Release|Any CPU
		{F8B71C6B-034B-42A5-A10A-306151865936}.Release|Any CPU.Build.0 = Release|Any CPU
	EndGlobalSection
	GlobalSection(SolutionProperties) = preSolution
		HideSolutionNode = FALSE
	EndGlobalSection
	GlobalSection(ExtensibilityGlobals) = postSolution
		SolutionGuid = {1528E32F-0787-4889-A9E9-D60CA00C7DAA}
	EndGlobalSection
EndGlobal
